Microsoft Visual Studio Solution File, Format Version 12.00
# Visual Studio Version 17
VisualStudioVersion = 17.5.2.0
MinimumVisualStudioVersion = 10.0.40219.1
Project("{FAE04EC0-301F-11D3-BF4B-00C04F79EFBC}") = "MicroondasBenner", "MicroondasBenner\MicroondasBenner.csproj", "{939B4F90-0275-B7DD-BEDC-EF34324A25DC}"
EndProject
Global
	GlobalSection(SolutionConfigurationPlatforms) = preSolution
		Debug|Any CPU = Debug|Any CPU
		Release|Any CPU = Release|Any CPU
	EndGlobalSection
	GlobalSection(ProjectConfigurationPlatforms) = postSolution
		{939B4F90-0275-B7DD-BEDC-EF34324A25DC}.Debug|Any CPU.ActiveCfg = Debug|Any CPU
		{939B4F90-0275-B7DD-BEDC-EF34324A25DC}.Debug|Any CPU.Build.0 = Debug|Any CPU
		{939B4F90-0275-B7DD-BEDC-EF34324A25DC}.Release|Any CPU.ActiveCfg = Release|Any CPU
		{939B4F90-0275-B7DD-BEDC-EF34324A25DC}.Release|Any CPU.Build.0 = Release|Any CPU
	EndGlobalSection
	GlobalSection(SolutionProperties) = preSolution
		HideSolutionNode = FALSE
	EndGlobalSection
	GlobalSection(ExtensibilityGlobals) = postSolution
		SolutionGuid = {37828D6A-E257-4524-B405-757EAE2400B0}
	EndGlobalSection
EndGlobal
